// !$*UTF8*$!
{
	archiveVersion = 1;
	classes = {
	};
	objectVersion = 46;
	objects = {

/* Begin PBXBuildFile section */
		FB1F2A0E9F005F552EAFDE6A /* Pods_Pokedex.framework in Frameworks */ = {isa = PBXBuildFile; fileRef = 21E470A4BFE172446B3D371B /* Pods_Pokedex.framework */; };
		FC86FA151C94D47900A7BFD3 /* pokemon.csv in Resources */ = {isa = PBXBuildFile; fileRef = FC86FA141C94D47900A7BFD3 /* pokemon.csv */; };
		FC86FA171C94D57400A7BFD3 /* Pokemon.swift in Sources */ = {isa = PBXBuildFile; fileRef = FC86FA161C94D57400A7BFD3 /* Pokemon.swift */; };
		FC86FA191C94DB2000A7BFD3 /* PokeCell.swift in Sources */ = {isa = PBXBuildFile; fileRef = FC86FA181C94DB2000A7BFD3 /* PokeCell.swift */; };
		FC86FA1B1C94E1A600A7BFD3 /* csv.swift in Sources */ = {isa = PBXBuildFile; fileRef = FC86FA1A1C94E1A600A7BFD3 /* csv.swift */; };
		FC86FA1F1C94E6F200A7BFD3 /* pokemon.ttf in Resources */ = {isa = PBXBuildFile; fileRef = FC86FA1E1C94E6F200A7BFD3 /* pokemon.ttf */; };
		FC86FA211C94EB1C00A7BFD3 /* music.mp3 in Resources */ = {isa = PBXBuildFile; fileRef = FC86FA201C94EB1C00A7BFD3 /* music.mp3 */; };
		FC86FA231C94F3B600A7BFD3 /* PokemonDetailVC.swift in Sources */ = {isa = PBXBuildFile; fileRef = FC86FA221C94F3B600A7BFD3 /* PokemonDetailVC.swift */; };
		FC9179AF1C94301500E1F73B /* AppDelegate.swift in Sources */ = {isa = PBXBuildFile; fileRef = FC9179AE1C94301500E1F73B /* AppDelegate.swift */; };
		FC9179B11C94301500E1F73B /* ViewController.swift in Sources */ = {isa = PBXBuildFile; fileRef = FC9179B01C94301500E1F73B /* ViewController.swift */; };
		FC9179B41C94301500E1F73B /* Main.storyboard in Resources */ = {isa = PBXBuildFile; fileRef = FC9179B21C94301500E1F73B /* Main.storyboard */; };
		FC9179B61C94301500E1F73B /* Assets.xcassets in Resources */ = {isa = PBXBuildFile; fileRef = FC9179B51C94301500E1F73B /* Assets.xcassets */; };
		FC9179B91C94301500E1F73B /* LaunchScreen.storyboard in Resources */ = {isa = PBXBuildFile; fileRef = FC9179B71C94301500E1F73B /* LaunchScreen.storyboard */; };
		FCC618271C96E77300B8BB40 /* Constants.swift in Sources */ = {isa = PBXBuildFile; fileRef = FCC618261C96E77300B8BB40 /* Constants.swift */; };
		FCE72CB41C9AC7AF0061C483 /* MovesTVC.swift in Sources */ = {isa = PBXBuildFile; fileRef = FCE72CB31C9AC7AF0061C483 /* MovesTVC.swift */; };
		FCE72CB61C9ACF090061C483 /* Moves.swift in Sources */ = {isa = PBXBuildFile; fileRef = FCE72CB51C9ACF090061C483 /* Moves.swift */; };
/* End PBXBuildFile section */

/* Begin PBXFileReference section */
		21E470A4BFE172446B3D371B /* Pods_Pokedex.framework */ = {isa = PBXFileReference; explicitFileType = wrapper.framework; includeInIndex = 0; path = Pods_Pokedex.framework; sourceTree = BUILT_PRODUCTS_DIR; };
		D95BCE72AC2DB7D999C064F2 /* Pods-Pokedex.release.xcconfig */ = {isa = PBXFileReference; includeInIndex = 1; lastKnownFileType = text.xcconfig; name = "Pods-Pokedex.release.xcconfig"; path = "Pods/Target Support Files/Pods-Pokedex/Pods-Pokedex.release.xcconfig"; sourceTree = "<group>"; };
		F934E7E411273666298970C4 /* Pods-Pokedex.debug.xcconfig */ = {isa = PBXFileReference; includeInIndex = 1; lastKnownFileType = text.xcconfig; name = "Pods-Pokedex.debug.xcconfig"; path = "Pods/Target Support Files/Pods-Pokedex/Pods-Pokedex.debug.xcconfig"; sourceTree = "<group>"; };
		FC86FA141C94D47900A7BFD3 /* pokemon.csv */ = {isa = PBXFileReference; fileEncoding = 4; lastKnownFileType = text; path = pokemon.csv; sourceTree = "<group>"; };
		FC86FA161C94D57400A7BFD3 /* Pokemon.swift */ = {isa = PBXFileReference; fileEncoding = 4; lastKnownFileType = sourcecode.swift; path = Pokemon.swift; sourceTree = "<group>"; };
		FC86FA181C94DB2000A7BFD3 /* PokeCell.swift */ = {isa = PBXFileReference; fileEncoding = 4; lastKnownFileType = sourcecode.swift; path = PokeCell.swift; sourceTree = "<group>"; };
		FC86FA1A1C94E1A600A7BFD3 /* csv.swift */ = {isa = PBXFileReference; fileEncoding = 4; lastKnownFileType = sourcecode.swift; name = csv.swift; path = ../csv.swift; sourceTree = "<group>"; };
		FC86FA1E1C94E6F200A7BFD3 /* pokemon.ttf */ = {isa = PBXFileReference; lastKnownFileType = file; path = pokemon.ttf; sourceTree = "<group>"; };
		FC86FA201C94EB1C00A7BFD3 /* music.mp3 */ = {isa = PBXFileReference; lastKnownFileType = audio.mp3; path = music.mp3; sourceTree = "<group>"; };
		FC86FA221C94F3B600A7BFD3 /* PokemonDetailVC.swift */ = {isa = PBXFileReference; fileEncoding = 4; lastKnownFileType = sourcecode.swift; path = PokemonDetailVC.swift; sourceTree = "<group>"; };
		FC9179AB1C94301500E1F73B /* Pokedex.app */ = {isa = PBXFileReference; explicitFileType = wrapper.application; includeInIndex = 0; path = Pokedex.app; sourceTree = BUILT_PRODUCTS_DIR; };
		FC9179AE1C94301500E1F73B /* AppDelegate.swift */ = {isa = PBXFileReference; lastKnownFileType = sourcecode.swift; path = AppDelegate.swift; sourceTree = "<group>"; };
		FC9179B01C94301500E1F73B /* ViewController.swift */ = {isa = PBXFileReference; lastKnownFileType = sourcecode.swift; path = ViewController.swift; sourceTree = "<group>"; };
		FC9179B31C94301500E1F73B /* Base */ = {isa = PBXFileReference; lastKnownFileType = file.storyboard; name = Base; path = Base.lproj/Main.storyboard; sourceTree = "<group>"; };
		FC9179B51C94301500E1F73B /* Assets.xcassets */ = {isa = PBXFileReference; lastKnownFileType = folder.assetcatalog; path = Assets.xcassets; sourceTree = "<group>"; };
		FC9179B81C94301500E1F73B /* Base */ = {isa = PBXFileReference; lastKnownFileType = file.storyboard; name = Base; path = Base.lproj/LaunchScreen.storyboard; sourceTree = "<group>"; };
		FC9179BA1C94301500E1F73B /* Info.plist */ = {isa = PBXFileReference; lastKnownFileType = text.plist.xml; path = Info.plist; sourceTree = "<group>"; };
		FCC618261C96E77300B8BB40 /* Constants.swift */ = {isa = PBXFileReference; fileEncoding = 4; lastKnownFileType = sourcecode.swift; path = Constants.swift; sourceTree = "<group>"; };
		FCE72CB31C9AC7AF0061C483 /* MovesTVC.swift */ = {isa = PBXFileReference; fileEncoding = 4; lastKnownFileType = sourcecode.swift; path = MovesTVC.swift; sourceTree = "<group>"; };
		FCE72CB51C9ACF090061C483 /* Moves.swift */ = {isa = PBXFileReference; fileEncoding = 4; lastKnownFileType = sourcecode.swift; path = Moves.swift; sourceTree = "<group>"; };
/* End PBXFileReference section */

/* Begin PBXFrameworksBuildPhase section */
		FC9179A81C94301500E1F73B /* Frameworks */ = {
			isa = PBXFrameworksBuildPhase;
			buildActionMask = 2147483647;
			files = (
				FB1F2A0E9F005F552EAFDE6A /* Pods_Pokedex.framework in Frameworks */,
			);
			runOnlyForDeploymentPostprocessing = 0;
		};
/* End PBXFrameworksBuildPhase section */

/* Begin PBXGroup section */
		33A191CE0FD8B00E5E3700C5 /* Pods */ = {
			isa = PBXGroup;
			children = (
				F934E7E411273666298970C4 /* Pods-Pokedex.debug.xcconfig */,
				D95BCE72AC2DB7D999C064F2 /* Pods-Pokedex.release.xcconfig */,
			);
			name = Pods;
			sourceTree = "<group>";
		};
		C698396E28682225641D343E /* Frameworks */ = {
			isa = PBXGroup;
			children = (
				21E470A4BFE172446B3D371B /* Pods_Pokedex.framework */,
			);
			name = Frameworks;
			sourceTree = "<group>";
		};
		FC86FA1C1C94E1D300A7BFD3 /* Util */ = {
			isa = PBXGroup;
			children = (
				FC86FA1A1C94E1A600A7BFD3 /* csv.swift */,
				FCC618261C96E77300B8BB40 /* Constants.swift */,
			);
			name = Util;
			sourceTree = "<group>";
		};
		FC86FA1D1C94E1EF00A7BFD3 /* Resources */ = {
			isa = PBXGroup;
			children = (
				FC86FA201C94EB1C00A7BFD3 /* music.mp3 */,
				FC86FA1E1C94E6F200A7BFD3 /* pokemon.ttf */,
				FC86FA141C94D47900A7BFD3 /* pokemon.csv */,
			);
			name = Resources;
			sourceTree = "<group>";
		};
		FC9179A21C94301500E1F73B = {
			isa = PBXGroup;
			children = (
				FC9179AD1C94301500E1F73B /* Pokedex */,
				FC9179AC1C94301500E1F73B /* Products */,
				33A191CE0FD8B00E5E3700C5 /* Pods */,
				C698396E28682225641D343E /* Frameworks */,
			);
			sourceTree = "<group>";
		};
		FC9179AC1C94301500E1F73B /* Products */ = {
			isa = PBXGroup;
			children = (
				FC9179AB1C94301500E1F73B /* Pokedex.app */,
			);
			name = Products;
			sourceTree = "<group>";
		};
		FC9179AD1C94301500E1F73B /* Pokedex */ = {
			isa = PBXGroup;
			children = (
				FC9179C21C94320D00E1F73B /* Model */,
				FC9179C11C94320900E1F73B /* View */,
				FC9179C01C94320400E1F73B /* Controller */,
				FC86FA1C1C94E1D300A7BFD3 /* Util */,
				FC86FA1D1C94E1EF00A7BFD3 /* Resources */,
				FC9179AE1C94301500E1F73B /* AppDelegate.swift */,
				FC9179B51C94301500E1F73B /* Assets.xcassets */,
				FC9179BA1C94301500E1F73B /* Info.plist */,
			);
			path = Pokedex;
			sourceTree = "<group>";
		};
		FC9179C01C94320400E1F73B /* Controller */ = {
			isa = PBXGroup;
			children = (
				FC9179B01C94301500E1F73B /* ViewController.swift */,
				FC86FA221C94F3B600A7BFD3 /* PokemonDetailVC.swift */,
			);
			name = Controller;
			sourceTree = "<group>";
		};
		FC9179C11C94320900E1F73B /* View */ = {
			isa = PBXGroup;
			children = (
				FC9179B21C94301500E1F73B /* Main.storyboard */,
				FC9179B71C94301500E1F73B /* LaunchScreen.storyboard */,
				FC86FA181C94DB2000A7BFD3 /* PokeCell.swift */,
				FCE72CB31C9AC7AF0061C483 /* MovesTVC.swift */,
			);
			name = View;
			sourceTree = "<group>";
		};
		FC9179C21C94320D00E1F73B /* Model */ = {
			isa = PBXGroup;
			children = (
				FC86FA161C94D57400A7BFD3 /* Pokemon.swift */,
				FCE72CB51C9ACF090061C483 /* Moves.swift */,
			);
			name = Model;
			sourceTree = "<group>";
		};
/* End PBXGroup section */

/* Begin PBXNativeTarget section */
		FC9179AA1C94301500E1F73B /* Pokedex */ = {
			isa = PBXNativeTarget;
			buildConfigurationList = FC9179BD1C94301500E1F73B /* Build configuration list for PBXNativeTarget "Pokedex" */;
			buildPhases = (
				7EDBF7D2E682B392FD55D0B6 /* Check Pods Manifest.lock */,
				FC9179A71C94301500E1F73B /* Sources */,
				FC9179A81C94301500E1F73B /* Frameworks */,
				FC9179A91C94301500E1F73B /* Resources */,
				CEBEDECEEAF21F612FB8408B /* Embed Pods Frameworks */,
				84E88A05DEB37953E30B2074 /* Copy Pods Resources */,
			);
			buildRules = (
			);
			dependencies = (
			);
			name = Pokedex;
			productName = Pokedex;
			productReference = FC9179AB1C94301500E1F73B /* Pokedex.app */;
			productType = "com.apple.product-type.application";
		};
/* End PBXNativeTarget section */

/* Begin PBXProject section */
		FC9179A31C94301500E1F73B /* Project object */ = {
			isa = PBXProject;
			attributes = {
				LastSwiftUpdateCheck = 0730;
				LastUpgradeCheck = 0730;
				ORGANIZATIONNAME = "Caleb Stultz";
				TargetAttributes = {
					FC9179AA1C94301500E1F73B = {
						CreatedOnToolsVersion = 7.3;
						DevelopmentTeam = HLCDLFXF5Y;
					};
				};
			};
			buildConfigurationList = FC9179A61C94301500E1F73B /* Build configuration list for PBXProject "Pokedex" */;
			compatibilityVersion = "Xcode 3.2";
			developmentRegion = English;
			hasScannedForEncodings = 0;
			knownRegions = (
				en,
				Base,
			);
			mainGroup = FC9179A21C94301500E1F73B;
			productRefGroup = FC9179AC1C94301500E1F73B /* Products */;
			projectDirPath = "";
			projectRoot = "";
			targets = (
				FC9179AA1C94301500E1F73B /* Pokedex */,
			);
		};
/* End PBXProject section */

/* Begin PBXResourcesBuildPhase section */
		FC9179A91C94301500E1F73B /* Resources */ = {
			isa = PBXResourcesBuildPhase;
			buildActionMask = 2147483647;
			files = (
				FC86FA1F1C94E6F200A7BFD3 /* pokemon.ttf in Resources */,
				FC9179B91C94301500E1F73B /* LaunchScreen.storyboard in Resources */,
				FC86FA211C94EB1C00A7BFD3 /* music.mp3 in Resources */,
				FC9179B61C94301500E1F73B /* Assets.xcassets in Resources */,
				FC86FA151C94D47900A7BFD3 /* pokemon.csv in Resources */,
				FC9179B41C94301500E1F73B /* Main.storyboard in Resources */,
			);
			runOnlyForDeploymentPostprocessing = 0;
		};
/* End PBXResourcesBuildPhase section */

/* Begin PBXShellScriptBuildPhase section */
		7EDBF7D2E682B392FD55D0B6 /* Check Pods Manifest.lock */ = {
			isa = PBXShellScriptBuildPhase;
			buildActionMask = 2147483647;
			files = (
			);
			inputPaths = (
			);
			name = "Check Pods Manifest.lock";
			outputPaths = (
			);
			runOnlyForDeploymentPostprocessing = 0;
			shellPath = /bin/sh;
			shellScript = "diff \"${PODS_ROOT}/../Podfile.lock\" \"${PODS_ROOT}/Manifest.lock\" > /dev/null\nif [[ $? != 0 ]] ; then\n    cat << EOM\nerror: The sandbox is not in sync with the Podfile.lock. Run 'pod install' or update your CocoaPods installation.\nEOM\n    exit 1\nfi\n";
			showEnvVarsInLog = 0;
		};
		84E88A05DEB37953E30B2074 /* Copy Pods Resources */ = {
			isa = PBXShellScriptBuildPhase;
			buildActionMask = 2147483647;
			files = (
			);
			inputPaths = (
			);
			name = "Copy Pods Resources";
			outputPaths = (
			);
			runOnlyForDeploymentPostprocessing = 0;
			shellPath = /bin/sh;
			shellScript = "\"${SRCROOT}/Pods/Target Support Files/Pods-Pokedex/Pods-Pokedex-resources.sh\"\n";
			showEnvVarsInLog = 0;
		};
		CEBEDECEEAF21F612FB8408B /* Embed Pods Frameworks */ = {
			isa = PBXShellScriptBuildPhase;
			buildActionMask = 2147483647;
			files = (
			);
			inputPaths = (
			);
			name = "Embed Pods Frameworks";
			outputPaths = (
			);
			runOnlyForDeploymentPostprocessing = 0;
			shellPath = /bin/sh;
			shellScript = "\"${SRCROOT}/Pods/Target Support Files/Pods-Pokedex/Pods-Pokedex-frameworks.sh\"\n";
			showEnvVarsInLog = 0;
		};
/* End PBXShellScriptBuildPhase section */

/* Begin PBXSourcesBuildPhase section */
		FC9179A71C94301500E1F73B /* Sources */ = {
			isa = PBXSourcesBuildPhase;
			buildActionMask = 2147483647;
			files = (
				FCE72CB41C9AC7AF0061C483 /* MovesTVC.swift in Sources */,
				FC86FA191C94DB2000A7BFD3 /* PokeCell.swift in Sources */,
				FC9179B11C94301500E1F73B /* ViewController.swift in Sources */,
				FC9179AF1C94301500E1F73B /* AppDelegate.swift in Sources */,
				FC86FA231C94F3B600A7BFD3 /* PokemonDetailVC.swift in Sources */,
				FCE72CB61C9ACF090061C483 /* Moves.swift in Sources */,
				FCC618271C96E77300B8BB40 /* Constants.swift in Sources */,
				FC86FA171C94D57400A7BFD3 /* Pokemon.swift in Sources */,
				FC86FA1B1C94E1A600A7BFD3 /* csv.swift in Sources */,
			);
			runOnlyForDeploymentPostprocessing = 0;
		};
/* End PBXSourcesBuildPhase section */

/* Begin PBXVariantGroup section */
		FC9179B21C94301500E1F73B /* Main.storyboard */ = {
			isa = PBXVariantGroup;
			children = (
				FC9179B31C94301500E1F73B /* Base */,
			);
			name = Main.storyboard;
			sourceTree = "<group>";
		};
		FC9179B71C94301500E1F73B /* LaunchScreen.storyboard */ = {
			isa = PBXVariantGroup;
			children = (
				FC9179B81C94301500E1F73B /* Base */,
			);
			name = LaunchScreen.storyboard;
			sourceTree = "<group>";
		};
/* End PBXVariantGroup section */

/* Begin XCBuildConfiguration section */
		FC9179BB1C94301500E1F73B /* Debug */ = {
			isa = XCBuildConfiguration;
			buildSettings = {
				ALWAYS_SEARCH_USER_PATHS = NO;
				CLANG_ANALYZER_NONNULL = YES;
				CLANG_CXX_LANGUAGE_STANDARD = "gnu++0x";
				CLANG_CXX_LIBRARY = "libc++";
				CLANG_ENABLE_MODULES = YES;
				CLANG_ENABLE_OBJC_ARC = YES;
				CLANG_WARN_BOOL_CONVERSION = YES;
				CLANG_WARN_CONSTANT_CONVERSION = YES;
				CLANG_WARN_DIRECT_OBJC_ISA_USAGE = YES_ERROR;
				CLANG_WARN_EMPTY_BODY = YES;
				CLANG_WARN_ENUM_CONVERSION = YES;
				CLANG_WARN_INT_CONVERSION = YES;
				CLANG_WARN_OBJC_ROOT_CLASS = YES_ERROR;
				CLANG_WARN_UNREACHABLE_CODE = YES;
				CLANG_WARN__DUPLICATE_METHOD_MATCH = YES;
				"CODE_SIGN_IDENTITY[sdk=iphoneos*]" = "iPhone Developer";
				COPY_PHASE_STRIP = NO;
				DEBUG_INFORMATION_FORMAT = dwarf;
				ENABLE_STRICT_OBJC_MSGSEND = YES;
				ENABLE_TESTABILITY = YES;
				GCC_C_LANGUAGE_STANDARD = gnu99;
				GCC_DYNAMIC_NO_PIC = NO;
				GCC_NO_COMMON_BLOCKS = YES;
				GCC_OPTIMIZATION_LEVEL = 0;
				GCC_PREPROCESSOR_DEFINITIONS = (
					"DEBUG=1",
					"$(inherited)",
				);
				GCC_WARN_64_TO_32_BIT_CONVERSION = YES;
				GCC_WARN_ABOUT_RETURN_TYPE = YES_ERROR;
				GCC_WARN_UNDECLARED_SELECTOR = YES;
				GCC_WARN_UNINITIALIZED_AUTOS = YES_AGGRESSIVE;
				GCC_WARN_UNUSED_FUNCTION = YES;
				GCC_WARN_UNUSED_VARIABLE = YES;
				IPHONEOS_DEPLOYMENT_TARGET = 9.3;
				MTL_ENABLE_DEBUG_INFO = YES;
				ONLY_ACTIVE_ARCH = YES;
				SDKROOT = iphoneos;
				SWIFT_OPTIMIZATION_LEVEL = "-Onone";
			};
			name = Debug;
		};
		FC9179BC1C94301500E1F73B /* Release */ = {
			isa = XCBuildConfiguration;
			buildSettings = {
				ALWAYS_SEARCH_USER_PATHS = NO;
				CLANG_ANALYZER_NONNULL = YES;
				CLANG_CXX_LANGUAGE_STANDARD = "gnu++0x";
				CLANG_CXX_LIBRARY = "libc++";
				CLANG_ENABLE_MODULES = YES;
				CLANG_ENABLE_OBJC_ARC = YES;
				CLANG_WARN_BOOL_CONVERSION = YES;
				CLANG_WARN_CONSTANT_CONVERSION = YES;
				CLANG_WARN_DIRECT_OBJC_ISA_USAGE = YES_ERROR;
				CLANG_WARN_EMPTY_BODY = YES;
				CLANG_WARN_ENUM_CONVERSION = YES;
				CLANG_WARN_INT_CONVERSION = YES;
				CLANG_WARN_OBJC_ROOT_CLASS = YES_ERROR;
				CLANG_WARN_UNREACHABLE_CODE = YES;
				CLANG_WARN__DUPLICATE_METHOD_MATCH = YES;
				"CODE_SIGN_IDENTITY[sdk=iphoneos*]" = "iPhone Developer";
				COPY_PHASE_STRIP = NO;
				DEBUG_INFORMATION_FORMAT = "dwarf-with-dsym";
				ENABLE_NS_ASSERTIONS = NO;
				ENABLE_STRICT_OBJC_MSGSEND = YES;
				GCC_C_LANGUAGE_STANDARD = gnu99;
				GCC_NO_COMMON_BLOCKS = YES;
				GCC_WARN_64_TO_32_BIT_CONVERSION = YES;
				GCC_WARN_ABOUT_RETURN_TYPE = YES_ERROR;
				GCC_WARN_UNDECLARED_SELECTOR = YES;
				GCC_WARN_UNINITIALIZED_AUTOS = YES_AGGRESSIVE;
				GCC_WARN_UNUSED_FUNCTION = YES;
				GCC_WARN_UNUSED_VARIABLE = YES;
				IPHONEOS_DEPLOYMENT_TARGET = 9.3;
				MTL_ENABLE_DEBUG_INFO = NO;
				SDKROOT = iphoneos;
				VALIDATE_PRODUCT = YES;
			};
			name = Release;
		};
		FC9179BE1C94301500E1F73B /* Debug */ = {
			isa = XCBuildConfiguration;
			baseConfigurationReference = F934E7E411273666298970C4 /* Pods-Pokedex.debug.xcconfig */;
			buildSettings = {
				ASSETCATALOG_COMPILER_APPICON_NAME = AppIcon;
				INFOPLIST_FILE = Pokedex/Info.plist;
				LD_RUNPATH_SEARCH_PATHS = "$(inherited) @executable_path/Frameworks";
				PRODUCT_BUNDLE_IDENTIFIER = com.stultz.Pokedex;
				PRODUCT_NAME = "$(TARGET_NAME)";
				TARGETED_DEVICE_FAMILY = "1,2";
			};
			name = Debug;
		};
		FC9179BF1C94301500E1F73B /* Release */ = {
			isa = XCBuildConfiguration;
			baseConfigurationReference = D95BCE72AC2DB7D999C064F2 /* Pods-Pokedex.release.xcconfig */;
			buildSettings = {
				ASSETCATALOG_COMPILER_APPICON_NAME = AppIcon;
				INFOPLIST_FILE = Pokedex/Info.plist;
				LD_RUNPATH_SEARCH_PATHS = "$(inherited) @executable_path/Frameworks";
				PRODUCT_BUNDLE_IDENTIFIER = com.stultz.Pokedex;
				PRODUCT_NAME = "$(TARGET_NAME)";
				TARGETED_DEVICE_FAMILY = "1,2";
			};
			name = Release;
		};
/* End XCBuildConfiguration section */

/* Begin XCConfigurationList section */
		FC9179A61C94301500E1F73B /* Build configuration list for PBXProject "Pokedex" */ = {
			isa = XCConfigurationList;
			buildConfigurations = (
				FC9179BB1C94301500E1F73B /* Debug */,
				FC9179BC1C94301500E1F73B /* Release */,
			);
			defaultConfigurationIsVisible = 0;
			defaultConfigurationName = Release;
		};
		FC9179BD1C94301500E1F73B /* Build configuration list for PBXNativeTarget "Pokedex" */ = {
			isa = XCConfigurationList;
			buildConfigurations = (
				FC9179BE1C94301500E1F73B /* Debug */,
				FC9179BF1C94301500E1F73B /* Release */,
			);
			defaultConfigurationIsVisible = 0;
			defaultConfigurationName = Release;
		};
/* End XCConfigurationList section */
	};
	rootObject = FC9179A31C94301500E1F73B /* Project object */;
}
